
Microsoft Visual Studio Solution File, Format Version 12.00
# Visual Studio Version 16
VisualStudioVersion = 16.0.31729.503
MinimumVisualStudioVersion = 10.0.40219.1
Project("{FAE04EC0-301F-11D3-BF4B-00C04F79EFBC}") = "GamersShop.Domain", "GamersShop.Domain\GamersShop.Domain.csproj", "{FAD8E211-3C35-41F0-AFA1-D92D9362D94C}"
EndProject
Project("{FAE04EC0-301F-11D3-BF4B-00C04F79EFBC}") = "GamersShop.WebUI", "GamersShop.WebUI\GamersShop.WebUI.csproj", "{1D87BF6B-E1B6-465F-A190-3F142739409D}"
EndProject
Project("{FAE04EC0-301F-11D3-BF4B-00C04F79EFBC}") = "GamersShop.UnitTests", "GamersShop.UnitTests\GamersShop.UnitTests.csproj", "{BF8F47C7-B3A9-4052-AB39-3EF5737BB4F6}"
EndProject
Global
	GlobalSection(SolutionConfigurationPlatforms) = preSolution
		Debug|Any CPU = Debug|Any CPU
		Release|Any CPU = Release|Any CPU
	EndGlobalSection
	GlobalSection(ProjectConfigurationPlatforms) = postSolution
		{FAD8E211-3C35-41F0-AFA1-D92D9362D94C}.Debug|Any CPU.ActiveCfg = Debug|Any CPU
		{FAD8E211-3C35-41F0-AFA1-D92D9362D94C}.Debug|Any CPU.Build.0 = Debug|Any CPU
		{FAD8E211-3C35-41F0-AFA1-D92D9362D94C}.Release|Any CPU.ActiveCfg = Release|Any CPU
		{FAD8E211-3C35-41F0-AFA1-D92D9362D94C}.Release|Any CPU.Build.0 = Release|Any CPU
		{1D87BF6B-E1B6-465F-A190-3F142739409D}.Debug|Any CPU.ActiveCfg = Debug|Any CPU
		{1D87BF6B-E1B6-465F-A190-3F142739409D}.Debug|Any CPU.Build.0 = Debug|Any CPU
		{1D87BF6B-E1B6-465F-A190-3F142739409D}.Release|Any CPU.ActiveCfg = Release|Any CPU
		{1D87BF6B-E1B6-465F-A190-3F142739409D}.Release|Any CPU.Build.0 = Release|Any CPU
		{BF8F47C7-B3A9-4052-AB39-3EF5737BB4F6}.Debug|Any CPU.ActiveCfg = Debug|Any CPU
		{BF8F47C7-B3A9-4052-AB39-3EF5737BB4F6}.Debug|Any CPU.Build.0 = Debug|Any CPU
		{BF8F47C7-B3A9-4052-AB39-3EF5737BB4F6}.Release|Any CPU.ActiveCfg = Release|Any CPU
		{BF8F47C7-B3A9-4052-AB39-3EF5737BB4F6}.Release|Any CPU.Build.0 = Release|Any CPU
	EndGlobalSection
	GlobalSection(SolutionProperties) = preSolution
		HideSolutionNode = FALSE
	EndGlobalSection
	GlobalSection(ExtensibilityGlobals) = postSolution
		SolutionGuid = {D8FE74A3-D667-4507-80A3-CB1974AC8888}
	EndGlobalSection
EndGlobal
